
Microsoft Visual Studio Solution File, Format Version 12.00
# Visual Studio Version 16
VisualStudioVersion = 16.0.30907.101
MinimumVisualStudioVersion = 15.0.26124.0
Project("{2150E333-8FDC-42A3-9474-1A3956D46DE8}") = "src", "src", "{8FA6D11D-DACA-4FA3-9BE4-EB347BC4D31A}"
EndProject
Project("{9A19103F-16F7-4668-BE54-9A1E7A4F7556}") = "Core", "src\Core\Core.csproj", "{B9BEFB51-5EA7-4F9A-928C-1EB089E51FD9}"
EndProject
Project("{9A19103F-16F7-4668-BE54-9A1E7A4F7556}") = "Infrastructure", "src\Infrastructure\Infrastructure.csproj", "{CE83B706-8583-42CE-AFA4-4AD19B898EC8}"
EndProject
Project("{9A19103F-16F7-4668-BE54-9A1E7A4F7556}") = "Api", "src\Api\Api.csproj", "{1479759B-6BDA-4C01-B8EB-27F480565A06}"
EndProject
Project("{2150E333-8FDC-42A3-9474-1A3956D46DE8}") = "tests", "tests", "{5D354FFD-82FE-4AA2-8B37-F1F0E96FB5D1}"
EndProject
Project("{9A19103F-16F7-4668-BE54-9A1E7A4F7556}") = "UnitTests", "tests\UnitTests\UnitTests.csproj", "{E9BC6D2F-4FAB-4167-AFED-4F1E7149FBD4}"
EndProject
Project("{9A19103F-16F7-4668-BE54-9A1E7A4F7556}") = "FunctionalTests", "tests\FunctionalTests\FunctionalTests.csproj", "{AC163154-C521-470D-B9AD-1386F9A771D7}"
EndProject
Project("{9A19103F-16F7-4668-BE54-9A1E7A4F7556}") = "IntegrationTests", "tests\IntegrationTests\IntegrationTests.csproj", "{158004F0-9328-4ABB-ADC0-41758D1FAFFC}"
EndProject
Project("{9A19103F-16F7-4668-BE54-9A1E7A4F7556}") = "SharedKernel", "src\SharedKernel\SharedKernel.csproj", "{AD8E8494-3430-4B7F-BAC7-18A643B18ECC}"
EndProject
Project("{2150E333-8FDC-42A3-9474-1A3956D46DE8}") = "Solution Items", "Solution Items", "{6AC283D9-99B2-401D-A277-ABF207A25FE5}"
	ProjectSection(SolutionItems) = preProject
		.editorconfig = .editorconfig
		.gitignore = .gitignore
	EndProjectSection
EndProject
Global
	GlobalSection(SolutionConfigurationPlatforms) = preSolution
		Debug|Any CPU = Debug|Any CPU
		Debug|x64 = Debug|x64
		Debug|x86 = Debug|x86
		Release|Any CPU = Release|Any CPU
		Release|x64 = Release|x64
		Release|x86 = Release|x86
	EndGlobalSection
	GlobalSection(ProjectConfigurationPlatforms) = postSolution
		{B9BEFB51-5EA7-4F9A-928C-1EB089E51FD9}.Debug|Any CPU.ActiveCfg = Debug|Any CPU
		{B9BEFB51-5EA7-4F9A-928C-1EB089E51FD9}.Debug|Any CPU.Build.0 = Debug|Any CPU
		{B9BEFB51-5EA7-4F9A-928C-1EB089E51FD9}.Debug|x64.ActiveCfg = Debug|Any CPU
		{B9BEFB51-5EA7-4F9A-928C-1EB089E51FD9}.Debug|x64.Build.0 = Debug|Any CPU
		{B9BEFB51-5EA7-4F9A-928C-1EB089E51FD9}.Debug|x86.ActiveCfg = Debug|Any CPU
		{B9BEFB51-5EA7-4F9A-928C-1EB089E51FD9}.Debug|x86.Build.0 = Debug|Any CPU
		{B9BEFB51-5EA7-4F9A-928C-1EB089E51FD9}.Release|Any CPU.ActiveCfg = Release|Any CPU
		{B9BEFB51-5EA7-4F9A-928C-1EB089E51FD9}.Release|Any CPU.Build.0 = Release|Any CPU
		{B9BEFB51-5EA7-4F9A-928C-1EB089E51FD9}.Release|x64.ActiveCfg = Release|Any CPU
		{B9BEFB51-5EA7-4F9A-928C-1EB089E51FD9}.Release|x64.Build.0 = Release|Any CPU
		{B9BEFB51-5EA7-4F9A-928C-1EB089E51FD9}.Release|x86.ActiveCfg = Release|Any CPU
		{B9BEFB51-5EA7-4F9A-928C-1EB089E51FD9}.Release|x86.Build.0 = Release|Any CPU
		{CE83B706-8583-42CE-AFA4-4AD19B898EC8}.Debug|Any CPU.ActiveCfg = Debug|Any CPU
		{CE83B706-8583-42CE-AFA4-4AD19B898EC8}.Debug|Any CPU.Build.0 = Debug|Any CPU
		{CE83B706-8583-42CE-AFA4-4AD19B898EC8}.Debug|x64.ActiveCfg = Debug|Any CPU
		{CE83B706-8583-42CE-AFA4-4AD19B898EC8}.Debug|x64.Build.0 = Debug|Any CPU
		{CE83B706-8583-42CE-AFA4-4AD19B898EC8}.Debug|x86.ActiveCfg = Debug|Any CPU
		{CE83B706-8583-42CE-AFA4-4AD19B898EC8}.Debug|x86.Build.0 = Debug|Any CPU
		{CE83B706-8583-42CE-AFA4-4AD19B898EC8}.Release|Any CPU.ActiveCfg = Release|Any CPU
		{CE83B706-8583-42CE-AFA4-4AD19B898EC8}.Release|Any CPU.Build.0 = Release|Any CPU
		{CE83B706-8583-42CE-AFA4-4AD19B898EC8}.Release|x64.ActiveCfg = Release|Any CPU
		{CE83B706-8583-42CE-AFA4-4AD19B898EC8}.Release|x64.Build.0 = Release|Any CPU
		{CE83B706-8583-42CE-AFA4-4AD19B898EC8}.Release|x86.ActiveCfg = Release|Any CPU
		{CE83B706-8583-42CE-AFA4-4AD19B898EC8}.Release|x86.Build.0 = Release|Any CPU
		{1479759B-6BDA-4C01-B8EB-27F480565A06}.Debug|Any CPU.ActiveCfg = Debug|Any CPU
		{1479759B-6BDA-4C01-B8EB-27F480565A06}.Debug|Any CPU.Build.0 = Debug|Any CPU
		{1479759B-6BDA-4C01-B8EB-27F480565A06}.Debug|x64.ActiveCfg = Debug|Any CPU
		{1479759B-6BDA-4C01-B8EB-27F480565A06}.Debug|x64.Build.0 = Debug|Any CPU
		{1479759B-6BDA-4C01-B8EB-27F480565A06}.Debug|x86.ActiveCfg = Debug|Any CPU
		{1479759B-6BDA-4C01-B8EB-27F480565A06}.Debug|x86.Build.0 = Debug|Any CPU
		{1479759B-6BDA-4C01-B8EB-27F480565A06}.Release|Any CPU.ActiveCfg = Release|Any CPU
		{1479759B-6BDA-4C01-B8EB-27F480565A06}.Release|Any CPU.Build.0 = Release|Any CPU
		{1479759B-6BDA-4C01-B8EB-27F480565A06}.Release|x64.ActiveCfg = Release|Any CPU
		{1479759B-6BDA-4C01-B8EB-27F480565A06}.Release|x64.Build.0 = Release|Any CPU
		{1479759B-6BDA-4C01-B8EB-27F480565A06}.Release|x86.ActiveCfg = Release|Any CPU
		{1479759B-6BDA-4C01-B8EB-27F480565A06}.Release|x86.Build.0 = Release|Any CPU
		{E9BC6D2F-4FAB-4167-AFED-4F1E7149FBD4}.Debug|Any CPU.ActiveCfg = Debug|Any CPU
		{E9BC6D2F-4FAB-4167-AFED-4F1E7149FBD4}.Debug|Any CPU.Build.0 = Debug|Any CPU
		{E9BC6D2F-4FAB-4167-AFED-4F1E7149FBD4}.Debug|x64.ActiveCfg = Debug|Any CPU
		{E9BC6D2F-4FAB-4167-AFED-4F1E7149FBD4}.Debug|x64.Build.0 = Debug|Any CPU
		{E9BC6D2F-4FAB-4167-AFED-4F1E7149FBD4}.Debug|x86.ActiveCfg = Debug|Any CPU
		{E9BC6D2F-4FAB-4167-AFED-4F1E7149FBD4}.Debug|x86.Build.0 = Debug|Any CPU
		{E9BC6D2F-4FAB-4167-AFED-4F1E7149FBD4}.Release|Any CPU.ActiveCfg = Release|Any CPU
		{E9BC6D2F-4FAB-4167-AFED-4F1E7149FBD4}.Release|Any CPU.Build.0 = Release|Any CPU
		{E9BC6D2F-4FAB-4167-AFED-4F1E7149FBD4}.Release|x64.ActiveCfg = Release|Any CPU
		{E9BC6D2F-4FAB-4167-AFED-4F1E7149FBD4}.Release|x64.Build.0 = Release|Any CPU
		{E9BC6D2F-4FAB-4167-AFED-4F1E7149FBD4}.Release|x86.ActiveCfg = Release|Any CPU
		{E9BC6D2F-4FAB-4167-AFED-4F1E7149FBD4}.Release|x86.Build.0 = Release|Any CPU
		{AC163154-C521-470D-B9AD-1386F9A771D7}.Debug|Any CPU.ActiveCfg = Debug|Any CPU
		{AC163154-C521-470D-B9AD-1386F9A771D7}.Debug|Any CPU.Build.0 = Debug|Any CPU
		{AC163154-C521-470D-B9AD-1386F9A771D7}.Debug|x64.ActiveCfg = Debug|Any CPU
		{AC163154-C521-470D-B9AD-1386F9A771D7}.Debug|x64.Build.0 = Debug|Any CPU
		{AC163154-C521-470D-B9AD-1386F9A771D7}.Debug|x86.ActiveCfg = Debug|Any CPU
		{AC163154-C521-470D-B9AD-1386F9A771D7}.Debug|x86.Build.0 = Debug|Any CPU
		{AC163154-C521-470D-B9AD-1386F9A771D7}.Release|Any CPU.ActiveCfg = Release|Any CPU
		{AC163154-C521-470D-B9AD-1386F9A771D7}.Release|Any CPU.Build.0 = Release|Any CPU
		{AC163154-C521-470D-B9AD-1386F9A771D7}.Release|x64.ActiveCfg = Release|Any CPU
		{AC163154-C521-470D-B9AD-1386F9A771D7}.Release|x64.Build.0 = Release|Any CPU
		{AC163154-C521-470D-B9AD-1386F9A771D7}.Release|x86.ActiveCfg = Release|Any CPU
		{AC163154-C521-470D-B9AD-1386F9A771D7}.Release|x86.Build.0 = Release|Any CPU
		{158004F0-9328-4ABB-ADC0-41758D1FAFFC}.Debug|Any CPU.ActiveCfg = Debug|Any CPU
		{158004F0-9328-4ABB-ADC0-41758D1FAFFC}.Debug|Any CPU.Build.0 = Debug|Any CPU
		{158004F0-9328-4ABB-ADC0-41758D1FAFFC}.Debug|x64.ActiveCfg = Debug|Any CPU
		{158004F0-9328-4ABB-ADC0-41758D1FAFFC}.Debug|x64.Build.0 = Debug|Any CPU
		{158004F0-9328-4ABB-ADC0-41758D1FAFFC}.Debug|x86.ActiveCfg = Debug|Any CPU
		{158004F0-9328-4ABB-ADC0-41758D1FAFFC}.Debug|x86.Build.0 = Debug|Any CPU
		{158004F0-9328-4ABB-ADC0-41758D1FAFFC}.Release|Any CPU.ActiveCfg = Release|Any CPU
		{158004F0-9328-4ABB-ADC0-41758D1FAFFC}.Release|Any CPU.Build.0 = Release|Any CPU
		{158004F0-9328-4ABB-ADC0-41758D1FAFFC}.Release|x64.ActiveCfg = Release|Any CPU
		{158004F0-9328-4ABB-ADC0-41758D1FAFFC}.Release|x64.Build.0 = Release|Any CPU
		{158004F0-9328-4ABB-ADC0-41758D1FAFFC}.Release|x86.ActiveCfg = Release|Any CPU
		{158004F0-9328-4ABB-ADC0-41758D1FAFFC}.Release|x86.Build.0 = Release|Any CPU
		{AD8E8494-3430-4B7F-BAC7-18A643B18ECC}.Debug|Any CPU.ActiveCfg = Debug|Any CPU
		{AD8E8494-3430-4B7F-BAC7-18A643B18ECC}.Debug|Any CPU.Build.0 = Debug|Any CPU
		{AD8E8494-3430-4B7F-BAC7-18A643B18ECC}.Debug|x64.ActiveCfg = Debug|Any CPU
		{AD8E8494-3430-4B7F-BAC7-18A643B18ECC}.Debug|x64.Build.0 = Debug|Any CPU
		{AD8E8494-3430-4B7F-BAC7-18A643B18ECC}.Debug|x86.ActiveCfg = Debug|Any CPU
		{AD8E8494-3430-4B7F-BAC7-18A643B18ECC}.Debug|x86.Build.0 = Debug|Any CPU
		{AD8E8494-3430-4B7F-BAC7-18A643B18ECC}.Release|Any CPU.ActiveCfg = Release|Any CPU
		{AD8E8494-3430-4B7F-BAC7-18A643B18ECC}.Release|Any CPU.Build.0 = Release|Any CPU
		{AD8E8494-3430-4B7F-BAC7-18A643B18ECC}.Release|x64.ActiveCfg = Release|Any CPU
		{AD8E8494-3430-4B7F-BAC7-18A643B18ECC}.Release|x64.Build.0 = Release|Any CPU
		{AD8E8494-3430-4B7F-BAC7-18A643B18ECC}.Release|x86.ActiveCfg = Release|Any CPU
		{AD8E8494-3430-4B7F-BAC7-18A643B18ECC}.Release|x86.Build.0 = Release|Any CPU
	EndGlobalSection
	GlobalSection(SolutionProperties) = preSolution
		HideSolutionNode = FALSE
	EndGlobalSection
	GlobalSection(NestedProjects) = preSolution
		{B9BEFB51-5EA7-4F9A-928C-1EB089E51FD9} = {8FA6D11D-DACA-4FA3-9BE4-EB347BC4D31A}
		{CE83B706-8583-42CE-AFA4-4AD19B898EC8} = {8FA6D11D-DACA-4FA3-9BE4-EB347BC4D31A}
		{1479759B-6BDA-4C01-B8EB-27F480565A06} = {8FA6D11D-DACA-4FA3-9BE4-EB347BC4D31A}
		{E9BC6D2F-4FAB-4167-AFED-4F1E7149FBD4} = {5D354FFD-82FE-4AA2-8B37-F1F0E96FB5D1}
		{AC163154-C521-470D-B9AD-1386F9A771D7} = {5D354FFD-82FE-4AA2-8B37-F1F0E96FB5D1}
		{158004F0-9328-4ABB-ADC0-41758D1FAFFC} = {5D354FFD-82FE-4AA2-8B37-F1F0E96FB5D1}
		{AD8E8494-3430-4B7F-BAC7-18A643B18ECC} = {8FA6D11D-DACA-4FA3-9BE4-EB347BC4D31A}
	EndGlobalSection
	GlobalSection(ExtensibilityGlobals) = postSolution
		SolutionGuid = {6B5CD2F5-5465-438B-B4EA-93A3434391F3}
	EndGlobalSection
EndGlobal
